{
  "requires": true,
  "lockfileVersion": 1,
  "dependencies": {
    "mdbootstrap": {
      "version": "4.5.15",
      "resolved": "https://registry.npmjs.org/mdbootstrap/-/mdbootstrap-4.5.15.tgz",
      "integrity": "sha512-hcdPnDajToMbWg1uh0n6AHLld0RBfis3Ep/KCC4RExtkhnSwjy+qhoVuPv2BGjgtRNvEwWfqbypPcrAw5TFawg=="
    }
  }
}
